
Microsoft Visual Studio Solution File, Format Version 12.00
# Visual Studio Version 17
VisualStudioVersion = 17.14.36202.13
MinimumVisualStudioVersion = 10.0.40219.1
Project("{2150E333-8FDC-42A3-9474-1A3956D46DE8}") = "Services", "Services", "{02EA681E-C7D8-13C7-8484-4AC65E1B71E8}"
EndProject
Project("{2150E333-8FDC-42A3-9474-1A3956D46DE8}") = "Catalog", "Catalog", "{8B770406-098B-44F5-96D3-C80B20F7DEA7}"
EndProject
Project("{FAE04EC0-301F-11D3-BF4B-00C04F79EFBC}") = "CatalogAPI", "Services\Catalog\CatalogAPI\CatalogAPI.csproj", "{5AB45EF7-AF4B-470E-82AA-BA158EBF77C5}"
EndProject
Project("{2150E333-8FDC-42A3-9474-1A3956D46DE8}") = "BuildingBlocks", "BuildingBlocks", "{6E0366AE-5CAA-4BE0-B1DD-244BFF0D8947}"
EndProject
Project("{FAE04EC0-301F-11D3-BF4B-00C04F79EFBC}") = "BuildingBlocks", "BuildingBlocks\BuildingBlocks\BuildingBlocks.csproj", "{12E1602F-4C3B-49DB-A06A-9C13A09841D4}"
EndProject
Project("{E53339B2-1760-4266-BCC7-CA923CBCF16C}") = "docker-compose", "docker-compose.dcproj", "{81DDED9D-158B-E303-5F62-77A2896D2A5A}"
EndProject
Global
	GlobalSection(SolutionConfigurationPlatforms) = preSolution
		Debug|Any CPU = Debug|Any CPU
		Release|Any CPU = Release|Any CPU
	EndGlobalSection
	GlobalSection(ProjectConfigurationPlatforms) = postSolution
		{5AB45EF7-AF4B-470E-82AA-BA158EBF77C5}.Debug|Any CPU.ActiveCfg = Debug|Any CPU
		{5AB45EF7-AF4B-470E-82AA-BA158EBF77C5}.Debug|Any CPU.Build.0 = Debug|Any CPU
		{5AB45EF7-AF4B-470E-82AA-BA158EBF77C5}.Release|Any CPU.ActiveCfg = Release|Any CPU
		{5AB45EF7-AF4B-470E-82AA-BA158EBF77C5}.Release|Any CPU.Build.0 = Release|Any CPU
		{12E1602F-4C3B-49DB-A06A-9C13A09841D4}.Debug|Any CPU.ActiveCfg = Debug|Any CPU
		{12E1602F-4C3B-49DB-A06A-9C13A09841D4}.Debug|Any CPU.Build.0 = Debug|Any CPU
		{12E1602F-4C3B-49DB-A06A-9C13A09841D4}.Release|Any CPU.ActiveCfg = Release|Any CPU
		{12E1602F-4C3B-49DB-A06A-9C13A09841D4}.Release|Any CPU.Build.0 = Release|Any CPU
		{81DDED9D-158B-E303-5F62-77A2896D2A5A}.Debug|Any CPU.ActiveCfg = Debug|Any CPU
		{81DDED9D-158B-E303-5F62-77A2896D2A5A}.Debug|Any CPU.Build.0 = Debug|Any CPU
		{81DDED9D-158B-E303-5F62-77A2896D2A5A}.Release|Any CPU.ActiveCfg = Release|Any CPU
		{81DDED9D-158B-E303-5F62-77A2896D2A5A}.Release|Any CPU.Build.0 = Release|Any CPU
	EndGlobalSection
	GlobalSection(SolutionProperties) = preSolution
		HideSolutionNode = FALSE
	EndGlobalSection
	GlobalSection(NestedProjects) = preSolution
		{8B770406-098B-44F5-96D3-C80B20F7DEA7} = {02EA681E-C7D8-13C7-8484-4AC65E1B71E8}
		{5AB45EF7-AF4B-470E-82AA-BA158EBF77C5} = {8B770406-098B-44F5-96D3-C80B20F7DEA7}
		{12E1602F-4C3B-49DB-A06A-9C13A09841D4} = {6E0366AE-5CAA-4BE0-B1DD-244BFF0D8947}
	EndGlobalSection
	GlobalSection(ExtensibilityGlobals) = postSolution
		SolutionGuid = {29ABB220-CCFE-44B6-889D-A99AA341952A}
	EndGlobalSection
EndGlobal
