
Microsoft Visual Studio Solution File, Format Version 12.00
# Visual Studio Version 17
VisualStudioVersion = 17.14.36202.13
MinimumVisualStudioVersion = 10.0.40219.1
Project("{2150E333-8FDC-42A3-9474-1A3956D46DE8}") = "Services", "Services", "{02EA681E-C7D8-13C7-8484-4AC65E1B71E8}"
EndProject
Project("{2150E333-8FDC-42A3-9474-1A3956D46DE8}") = "Catalog", "Catalog", "{8B770406-098B-44F5-96D3-C80B20F7DEA7}"
EndProject
Project("{FAE04EC0-301F-11D3-BF4B-00C04F79EFBC}") = "CatalogAPI", "Services\Catalog\CatalogAPI\CatalogAPI.csproj", "{5AB45EF7-AF4B-470E-82AA-BA158EBF77C5}"
EndProject
Project("{2150E333-8FDC-42A3-9474-1A3956D46DE8}") = "BuildingBlocks", "BuildingBlocks", "{6E0366AE-5CAA-4BE0-B1DD-244BFF0D8947}"
EndProject
Project("{FAE04EC0-301F-11D3-BF4B-00C04F79EFBC}") = "BuildingBlocks", "BuildingBlocks\BuildingBlocks\BuildingBlocks.csproj", "{12E1602F-4C3B-49DB-A06A-9C13A09841D4}"
EndProject
Project("{E53339B2-1760-4266-BCC7-CA923CBCF16C}") = "docker-compose", "docker-compose.dcproj", "{81DDED9D-158B-E303-5F62-77A2896D2A5A}"
EndProject
Project("{2150E333-8FDC-42A3-9474-1A3956D46DE8}") = "Basket", "Basket", "{1AE3FF0C-07B6-4D66-AF15-E67BC0627610}"
EndProject
Project("{FAE04EC0-301F-11D3-BF4B-00C04F79EFBC}") = "BasketAPI", "Services\Basket\BasketAPI\BasketAPI.csproj", "{0D78C19D-F025-496D-88C7-4D86A488B7D3}"
EndProject
Project("{2150E333-8FDC-42A3-9474-1A3956D46DE8}") = "Discount", "Discount", "{A09074B7-E119-4FE5-9DBC-7D1F8BBCC1C7}"
EndProject
Project("{FAE04EC0-301F-11D3-BF4B-00C04F79EFBC}") = "DiscountGrpc", "Services\Discount\DiscountGrpc\DiscountGrpc.csproj", "{828BDCCC-8497-465B-AE5F-9C0E01AC7E32}"
EndProject
Project("{2150E333-8FDC-42A3-9474-1A3956D46DE8}") = "Ordering", "Ordering", "{614F2954-A5FD-4731-B47F-052813FC40DE}"
EndProject
Project("{FAE04EC0-301F-11D3-BF4B-00C04F79EFBC}") = "OrderingApi", "Services\Ordering\OrderingApi\OrderingApi.csproj", "{AD1C7C72-BD28-4CDD-AAB0-C4D44146E6AF}"
EndProject
Project("{FAE04EC0-301F-11D3-BF4B-00C04F79EFBC}") = "OrderingDomain", "Services\Ordering\OrderingDomain\OrderingDomain.csproj", "{E053FA57-BCBA-4CB5-85A0-0230C0557445}"
EndProject
Project("{FAE04EC0-301F-11D3-BF4B-00C04F79EFBC}") = "OrderingApplication", "Services\Ordering\OrderingApplication\OrderingApplication.csproj", "{59817197-BBCF-45CD-9516-089625E40207}"
EndProject
Project("{FAE04EC0-301F-11D3-BF4B-00C04F79EFBC}") = "OrderingInfrastrueture", "Services\Ordering\OrderingInfrastrueture\OrderingInfrastrueture.csproj", "{2A8432A8-2664-4CCC-A21E-3E9CDD016002}"
EndProject
Global
	GlobalSection(SolutionConfigurationPlatforms) = preSolution
		Debug|Any CPU = Debug|Any CPU
		Release|Any CPU = Release|Any CPU
	EndGlobalSection
	GlobalSection(ProjectConfigurationPlatforms) = postSolution
		{5AB45EF7-AF4B-470E-82AA-BA158EBF77C5}.Debug|Any CPU.ActiveCfg = Debug|Any CPU
		{5AB45EF7-AF4B-470E-82AA-BA158EBF77C5}.Debug|Any CPU.Build.0 = Debug|Any CPU
		{5AB45EF7-AF4B-470E-82AA-BA158EBF77C5}.Release|Any CPU.ActiveCfg = Release|Any CPU
		{5AB45EF7-AF4B-470E-82AA-BA158EBF77C5}.Release|Any CPU.Build.0 = Release|Any CPU
		{12E1602F-4C3B-49DB-A06A-9C13A09841D4}.Debug|Any CPU.ActiveCfg = Debug|Any CPU
		{12E1602F-4C3B-49DB-A06A-9C13A09841D4}.Debug|Any CPU.Build.0 = Debug|Any CPU
		{12E1602F-4C3B-49DB-A06A-9C13A09841D4}.Release|Any CPU.ActiveCfg = Release|Any CPU
		{12E1602F-4C3B-49DB-A06A-9C13A09841D4}.Release|Any CPU.Build.0 = Release|Any CPU
		{81DDED9D-158B-E303-5F62-77A2896D2A5A}.Debug|Any CPU.ActiveCfg = Debug|Any CPU
		{81DDED9D-158B-E303-5F62-77A2896D2A5A}.Debug|Any CPU.Build.0 = Debug|Any CPU
		{81DDED9D-158B-E303-5F62-77A2896D2A5A}.Release|Any CPU.ActiveCfg = Release|Any CPU
		{81DDED9D-158B-E303-5F62-77A2896D2A5A}.Release|Any CPU.Build.0 = Release|Any CPU
		{0D78C19D-F025-496D-88C7-4D86A488B7D3}.Debug|Any CPU.ActiveCfg = Debug|Any CPU
		{0D78C19D-F025-496D-88C7-4D86A488B7D3}.Debug|Any CPU.Build.0 = Debug|Any CPU
		{0D78C19D-F025-496D-88C7-4D86A488B7D3}.Release|Any CPU.ActiveCfg = Release|Any CPU
		{0D78C19D-F025-496D-88C7-4D86A488B7D3}.Release|Any CPU.Build.0 = Release|Any CPU
		{828BDCCC-8497-465B-AE5F-9C0E01AC7E32}.Debug|Any CPU.ActiveCfg = Debug|Any CPU
		{828BDCCC-8497-465B-AE5F-9C0E01AC7E32}.Debug|Any CPU.Build.0 = Debug|Any CPU
		{828BDCCC-8497-465B-AE5F-9C0E01AC7E32}.Release|Any CPU.ActiveCfg = Release|Any CPU
		{828BDCCC-8497-465B-AE5F-9C0E01AC7E32}.Release|Any CPU.Build.0 = Release|Any CPU
		{AD1C7C72-BD28-4CDD-AAB0-C4D44146E6AF}.Debug|Any CPU.ActiveCfg = Debug|Any CPU
		{AD1C7C72-BD28-4CDD-AAB0-C4D44146E6AF}.Debug|Any CPU.Build.0 = Debug|Any CPU
		{AD1C7C72-BD28-4CDD-AAB0-C4D44146E6AF}.Release|Any CPU.ActiveCfg = Release|Any CPU
		{AD1C7C72-BD28-4CDD-AAB0-C4D44146E6AF}.Release|Any CPU.Build.0 = Release|Any CPU
		{E053FA57-BCBA-4CB5-85A0-0230C0557445}.Debug|Any CPU.ActiveCfg = Debug|Any CPU
		{E053FA57-BCBA-4CB5-85A0-0230C0557445}.Debug|Any CPU.Build.0 = Debug|Any CPU
		{E053FA57-BCBA-4CB5-85A0-0230C0557445}.Release|Any CPU.ActiveCfg = Release|Any CPU
		{E053FA57-BCBA-4CB5-85A0-0230C0557445}.Release|Any CPU.Build.0 = Release|Any CPU
		{59817197-BBCF-45CD-9516-089625E40207}.Debug|Any CPU.ActiveCfg = Debug|Any CPU
		{59817197-BBCF-45CD-9516-089625E40207}.Debug|Any CPU.Build.0 = Debug|Any CPU
		{59817197-BBCF-45CD-9516-089625E40207}.Release|Any CPU.ActiveCfg = Release|Any CPU
		{59817197-BBCF-45CD-9516-089625E40207}.Release|Any CPU.Build.0 = Release|Any CPU
		{2A8432A8-2664-4CCC-A21E-3E9CDD016002}.Debug|Any CPU.ActiveCfg = Debug|Any CPU
		{2A8432A8-2664-4CCC-A21E-3E9CDD016002}.Debug|Any CPU.Build.0 = Debug|Any CPU
		{2A8432A8-2664-4CCC-A21E-3E9CDD016002}.Release|Any CPU.ActiveCfg = Release|Any CPU
		{2A8432A8-2664-4CCC-A21E-3E9CDD016002}.Release|Any CPU.Build.0 = Release|Any CPU
	EndGlobalSection
	GlobalSection(SolutionProperties) = preSolution
		HideSolutionNode = FALSE
	EndGlobalSection
	GlobalSection(NestedProjects) = preSolution
		{8B770406-098B-44F5-96D3-C80B20F7DEA7} = {02EA681E-C7D8-13C7-8484-4AC65E1B71E8}
		{5AB45EF7-AF4B-470E-82AA-BA158EBF77C5} = {8B770406-098B-44F5-96D3-C80B20F7DEA7}
		{12E1602F-4C3B-49DB-A06A-9C13A09841D4} = {6E0366AE-5CAA-4BE0-B1DD-244BFF0D8947}
		{1AE3FF0C-07B6-4D66-AF15-E67BC0627610} = {02EA681E-C7D8-13C7-8484-4AC65E1B71E8}
		{0D78C19D-F025-496D-88C7-4D86A488B7D3} = {1AE3FF0C-07B6-4D66-AF15-E67BC0627610}
		{A09074B7-E119-4FE5-9DBC-7D1F8BBCC1C7} = {02EA681E-C7D8-13C7-8484-4AC65E1B71E8}
		{828BDCCC-8497-465B-AE5F-9C0E01AC7E32} = {A09074B7-E119-4FE5-9DBC-7D1F8BBCC1C7}
		{614F2954-A5FD-4731-B47F-052813FC40DE} = {02EA681E-C7D8-13C7-8484-4AC65E1B71E8}
		{AD1C7C72-BD28-4CDD-AAB0-C4D44146E6AF} = {614F2954-A5FD-4731-B47F-052813FC40DE}
		{E053FA57-BCBA-4CB5-85A0-0230C0557445} = {614F2954-A5FD-4731-B47F-052813FC40DE}
		{59817197-BBCF-45CD-9516-089625E40207} = {614F2954-A5FD-4731-B47F-052813FC40DE}
		{2A8432A8-2664-4CCC-A21E-3E9CDD016002} = {614F2954-A5FD-4731-B47F-052813FC40DE}
	EndGlobalSection
	GlobalSection(ExtensibilityGlobals) = postSolution
		SolutionGuid = {29ABB220-CCFE-44B6-889D-A99AA341952A}
	EndGlobalSection
EndGlobal
